// !$*UTF8*$!
{
	archiveVersion = 1;
	classes = {
	};
	objectVersion = 46;
	objects = {

/* Begin PBXBuildFile section */
		8484DF371C9D3312004432D5 /* AppDelegate.swift in Sources */ = {isa = PBXBuildFile; fileRef = 8484DF361C9D3312004432D5 /* AppDelegate.swift */; };
		8484DF3E1C9D3312004432D5 /* Assets.xcassets in Resources */ = {isa = PBXBuildFile; fileRef = 8484DF3D1C9D3312004432D5 /* Assets.xcassets */; };
		8484DF411C9D3312004432D5 /* LaunchScreen.storyboard in Resources */ = {isa = PBXBuildFile; fileRef = 8484DF3F1C9D3312004432D5 /* LaunchScreen.storyboard */; };
		8484DF4C1C9D3312004432D5 /* HelloWorldTests.swift in Sources */ = {isa = PBXBuildFile; fileRef = 8484DF4B1C9D3312004432D5 /* HelloWorldTests.swift */; };
		8484DF571C9D3312004432D5 /* HelloWorldUITests.swift in Sources */ = {isa = PBXBuildFile; fileRef = 8484DF561C9D3312004432D5 /* HelloWorldUITests.swift */; };
		8484DF651C9D33C6004432D5 /* HelloViewController.swift in Sources */ = {isa = PBXBuildFile; fileRef = 8484DF641C9D33C6004432D5 /* HelloViewController.swift */; };
/* End PBXBuildFile section */

/* Begin PBXContainerItemProxy section */
		8484DF481C9D3312004432D5 /* PBXContainerItemProxy */ = {
			isa = PBXContainerItemProxy;
			containerPortal = 8484DF2B1C9D3312004432D5 /* Project object */;
			proxyType = 1;
			remoteGlobalIDString = 8484DF321C9D3312004432D5;
			remoteInfo = HelloWorld;
		};
		8484DF531C9D3312004432D5 /* PBXContainerItemProxy */ = {
			isa = PBXContainerItemProxy;
			containerPortal = 8484DF2B1C9D3312004432D5 /* Project object */;
			proxyType = 1;
			remoteGlobalIDString = 8484DF321C9D3312004432D5;
			remoteInfo = HelloWorld;
		};
/* End PBXContainerItemProxy section */

/* Begin PBXFileReference section */
		8484DF331C9D3312004432D5 /* HelloWorld.app */ = {isa = PBXFileReference; explicitFileType = wrapper.application; includeInIndex = 0; path = HelloWorld.app; sourceTree = BUILT_PRODUCTS_DIR; };
		8484DF361C9D3312004432D5 /* AppDelegate.swift */ = {isa = PBXFileReference; lastKnownFileType = sourcecode.swift; path = AppDelegate.swift; sourceTree = "<group>"; };
		8484DF3D1C9D3312004432D5 /* Assets.xcassets */ = {isa = PBXFileReference; lastKnownFileType = folder.assetcatalog; path = Assets.xcassets; sourceTree = "<group>"; };
		8484DF401C9D3312004432D5 /* Base */ = {isa = PBXFileReference; lastKnownFileType = file.storyboard; name = Base; path = Base.lproj/LaunchScreen.storyboard; sourceTree = "<group>"; };
		8484DF421C9D3312004432D5 /* Info.plist */ = {isa = PBXFileReference; lastKnownFileType = text.plist.xml; path = Info.plist; sourceTree = "<group>"; };
		8484DF471C9D3312004432D5 /* HelloWorldTests.xctest */ = {isa = PBXFileReference; explicitFileType = wrapper.cfbundle; includeInIndex = 0; path = HelloWorldTests.xctest; sourceTree = BUILT_PRODUCTS_DIR; };
		8484DF4B1C9D3312004432D5 /* HelloWorldTests.swift */ = {isa = PBXFileReference; lastKnownFileType = sourcecode.swift; path = HelloWorldTests.swift; sourceTree = "<group>"; };
		8484DF4D1C9D3312004432D5 /* Info.plist */ = {isa = PBXFileReference; lastKnownFileType = text.plist.xml; path = Info.plist; sourceTree = "<group>"; };
		8484DF521C9D3312004432D5 /* HelloWorldUITests.xctest */ = {isa = PBXFileReference; explicitFileType = wrapper.cfbundle; includeInIndex = 0; path = HelloWorldUITests.xctest; sourceTree = BUILT_PRODUCTS_DIR; };
		8484DF561C9D3312004432D5 /* HelloWorldUITests.swift */ = {isa = PBXFileReference; lastKnownFileType = sourcecode.swift; path = HelloWorldUITests.swift; sourceTree = "<group>"; };
		8484DF581C9D3312004432D5 /* Info.plist */ = {isa = PBXFileReference; lastKnownFileType = text.plist.xml; path = Info.plist; sourceTree = "<group>"; };
		8484DF641C9D33C6004432D5 /* HelloViewController.swift */ = {isa = PBXFileReference; fileEncoding = 4; lastKnownFileType = sourcecode.swift; path = HelloViewController.swift; sourceTree = "<group>"; };
/* End PBXFileReference section */

/* Begin PBXFrameworksBuildPhase section */
		8484DF301C9D3312004432D5 /* Frameworks */ = {
			isa = PBXFrameworksBuildPhase;
			buildActionMask = 2147483647;
			files = (
			);
			runOnlyForDeploymentPostprocessing = 0;
		};
		8484DF441C9D3312004432D5 /* Frameworks */ = {
			isa = PBXFrameworksBuildPhase;
			buildActionMask = 2147483647;
			files = (
			);
			runOnlyForDeploymentPostprocessing = 0;
		};
		8484DF4F1C9D3312004432D5 /* Frameworks */ = {
			isa = PBXFrameworksBuildPhase;
			buildActionMask = 2147483647;
			files = (
			);
			runOnlyForDeploymentPostprocessing = 0;
		};
/* End PBXFrameworksBuildPhase section */

/* Begin PBXGroup section */
		8484DF2A1C9D3312004432D5 = {
			isa = PBXGroup;
			children = (
				8484DF351C9D3312004432D5 /* HelloWorld */,
				8484DF4A1C9D3312004432D5 /* HelloWorldTests */,
				8484DF551C9D3312004432D5 /* HelloWorldUITests */,
				8484DF341C9D3312004432D5 /* Products */,
			);
			sourceTree = "<group>";
		};
		8484DF341C9D3312004432D5 /* Products */ = {
			isa = PBXGroup;
			children = (
				8484DF331C9D3312004432D5 /* HelloWorld.app */,
				8484DF471C9D3312004432D5 /* HelloWorldTests.xctest */,
				8484DF521C9D3312004432D5 /* HelloWorldUITests.xctest */,
			);
			name = Products;
			sourceTree = "<group>";
		};
		8484DF351C9D3312004432D5 /* HelloWorld */ = {
			isa = PBXGroup;
			children = (
				8484DF361C9D3312004432D5 /* AppDelegate.swift */,
				8484DF641C9D33C6004432D5 /* HelloViewController.swift */,
				8484DF3D1C9D3312004432D5 /* Assets.xcassets */,
				8484DF3F1C9D3312004432D5 /* LaunchScreen.storyboard */,
				8484DF421C9D3312004432D5 /* Info.plist */,
			);
			path = HelloWorld;
			sourceTree = "<group>";
		};
		8484DF4A1C9D3312004432D5 /* HelloWorldTests */ = {
			isa = PBXGroup;
			children = (
				8484DF4B1C9D3312004432D5 /* HelloWorldTests.swift */,
				8484DF4D1C9D3312004432D5 /* Info.plist */,
			);
			path = HelloWorldTests;
			sourceTree = "<group>";
		};
		8484DF551C9D3312004432D5 /* HelloWorldUITests */ = {
			isa = PBXGroup;
			children = (
				8484DF561C9D3312004432D5 /* HelloWorldUITests.swift */,
				8484DF581C9D3312004432D5 /* Info.plist */,
			);
			path = HelloWorldUITests;
			sourceTree = "<group>";
		};
/* End PBXGroup section */

/* Begin PBXNativeTarget section */
		8484DF321C9D3312004432D5 /* HelloWorld */ = {
			isa = PBXNativeTarget;
			buildConfigurationList = 8484DF5B1C9D3312004432D5 /* Build configuration list for PBXNativeTarget "HelloWorld" */;
			buildPhases = (
				8484DF2F1C9D3312004432D5 /* Sources */,
				8484DF301C9D3312004432D5 /* Frameworks */,
				8484DF311C9D3312004432D5 /* Resources */,
			);
			buildRules = (
			);
			dependencies = (
			);
			name = HelloWorld;
			productName = HelloWorld;
			productReference = 8484DF331C9D3312004432D5 /* HelloWorld.app */;
			productType = "com.apple.product-type.application";
		};
		8484DF461C9D3312004432D5 /* HelloWorldTests */ = {
			isa = PBXNativeTarget;
			buildConfigurationList = 8484DF5E1C9D3312004432D5 /* Build configuration list for PBXNativeTarget "HelloWorldTests" */;
			buildPhases = (
				8484DF431C9D3312004432D5 /* Sources */,
				8484DF441C9D3312004432D5 /* Frameworks */,
				8484DF451C9D3312004432D5 /* Resources */,
			);
			buildRules = (
			);
			dependencies = (
				8484DF491C9D3312004432D5 /* PBXTargetDependency */,
			);
			name = HelloWorldTests;
			productName = HelloWorldTests;
			productReference = 8484DF471C9D3312004432D5 /* HelloWorldTests.xctest */;
			productType = "com.apple.product-type.bundle.unit-test";
		};
		8484DF511C9D3312004432D5 /* HelloWorldUITests */ = {
			isa = PBXNativeTarget;
			buildConfigurationList = 8484DF611C9D3312004432D5 /* Build configuration list for PBXNativeTarget "HelloWorldUITests" */;
			buildPhases = (
				8484DF4E1C9D3312004432D5 /* Sources */,
				8484DF4F1C9D3312004432D5 /* Frameworks */,
				8484DF501C9D3312004432D5 /* Resources */,
			);
			buildRules = (
			);
			dependencies = (
				8484DF541C9D3312004432D5 /* PBXTargetDependency */,
			);
			name = HelloWorldUITests;
			productName = HelloWorldUITests;
			productReference = 8484DF521C9D3312004432D5 /* HelloWorldUITests.xctest */;
			productType = "com.apple.product-type.bundle.ui-testing";
		};
/* End PBXNativeTarget section */

/* Begin PBXProject section */
		8484DF2B1C9D3312004432D5 /* Project object */ = {
			isa = PBXProject;
			attributes = {
				LastSwiftUpdateCheck = 0720;
				LastUpgradeCheck = 0720;
				ORGANIZATIONNAME = "Apptivity Lab";
				TargetAttributes = {
					8484DF321C9D3312004432D5 = {
						CreatedOnToolsVersion = 7.2.1;
					};
					8484DF461C9D3312004432D5 = {
						CreatedOnToolsVersion = 7.2.1;
						TestTargetID = 8484DF321C9D3312004432D5;
					};
					8484DF511C9D3312004432D5 = {
						CreatedOnToolsVersion = 7.2.1;
						TestTargetID = 8484DF321C9D3312004432D5;
					};
				};
			};
			buildConfigurationList = 8484DF2E1C9D3312004432D5 /* Build configuration list for PBXProject "HelloWorld" */;
			compatibilityVersion = "Xcode 3.2";
			developmentRegion = English;
			hasScannedForEncodings = 0;
			knownRegions = (
				en,
				Base,
			);
			mainGroup = 8484DF2A1C9D3312004432D5;
			productRefGroup = 8484DF341C9D3312004432D5 /* Products */;
			projectDirPath = "";
			projectRoot = "";
			targets = (
				8484DF321C9D3312004432D5 /* HelloWorld */,
				8484DF461C9D3312004432D5 /* HelloWorldTests */,
				8484DF511C9D3312004432D5 /* HelloWorldUITests */,
			);
		};
/* End PBXProject section */

/* Begin PBXResourcesBuildPhase section */
		8484DF311C9D3312004432D5 /* Resources */ = {
			isa = PBXResourcesBuildPhase;
			buildActionMask = 2147483647;
			files = (
				8484DF411C9D3312004432D5 /* LaunchScreen.storyboard in Resources */,
				8484DF3E1C9D3312004432D5 /* Assets.xcassets in Resources */,
			);
			runOnlyForDeploymentPostprocessing = 0;
		};
		8484DF451C9D3312004432D5 /* Resources */ = {
			isa = PBXResourcesBuildPhase;
			buildActionMask = 2147483647;
			files = (
			);
			runOnlyForDeploymentPostprocessing = 0;
		};
		8484DF501C9D3312004432D5 /* Resources */ = {
			isa = PBXResourcesBuildPhase;
			buildActionMask = 2147483647;
			files = (
			);
			runOnlyForDeploymentPostprocessing = 0;
		};
/* End PBXResourcesBuildPhase section */

/* Begin PBXSourcesBuildPhase section */
		8484DF2F1C9D3312004432D5 /* Sources */ = {
			isa = PBXSourcesBuildPhase;
			buildActionMask = 2147483647;
			files = (
				8484DF371C9D3312004432D5 /* AppDelegate.swift in Sources */,
				8484DF651C9D33C6004432D5 /* HelloViewController.swift in Sources */,
			);
			runOnlyForDeploymentPostprocessing = 0;
		};
		8484DF431C9D3312004432D5 /* Sources */ = {
			isa = PBXSourcesBuildPhase;
			buildActionMask = 2147483647;
			files = (
				8484DF4C1C9D3312004432D5 /* HelloWorldTests.swift in Sources */,
			);
			runOnlyForDeploymentPostprocessing = 0;
		};
		8484DF4E1C9D3312004432D5 /* Sources */ = {
			isa = PBXSourcesBuildPhase;
			buildActionMask = 2147483647;
			files = (
				8484DF571C9D3312004432D5 /* HelloWorldUITests.swift in Sources */,
			);
			runOnlyForDeploymentPostprocessing = 0;
		};
/* End PBXSourcesBuildPhase section */

/* Begin PBXTargetDependency section */
		8484DF491C9D3312004432D5 /* PBXTargetDependency */ = {
			isa = PBXTargetDependency;
			target = 8484DF321C9D3312004432D5 /* HelloWorld */;
			targetProxy = 8484DF481C9D3312004432D5 /* PBXContainerItemProxy */;
		};
		8484DF541C9D3312004432D5 /* PBXTargetDependency */ = {
			isa = PBXTargetDependency;
			target = 8484DF321C9D3312004432D5 /* HelloWorld */;
			targetProxy = 8484DF531C9D3312004432D5 /* PBXContainerItemProxy */;
		};
/* End PBXTargetDependency section */

/* Begin PBXVariantGroup section */
		8484DF3F1C9D3312004432D5 /* LaunchScreen.storyboard */ = {
			isa = PBXVariantGroup;
			children = (
				8484DF401C9D3312004432D5 /* Base */,
			);
			name = LaunchScreen.storyboard;
			sourceTree = "<group>";
		};
/* End PBXVariantGroup section */

/* Begin XCBuildConfiguration section */
		8484DF591C9D3312004432D5 /* Debug */ = {
			isa = XCBuildConfiguration;
			buildSettings = {
				ALWAYS_SEARCH_USER_PATHS = NO;
				CLANG_CXX_LANGUAGE_STANDARD = "gnu++0x";
				CLANG_CXX_LIBRARY = "libc++";
				CLANG_ENABLE_MODULES = YES;
				CLANG_ENABLE_OBJC_ARC = YES;
				CLANG_WARN_BOOL_CONVERSION = YES;
				CLANG_WARN_CONSTANT_CONVERSION = YES;
				CLANG_WARN_DIRECT_OBJC_ISA_USAGE = YES_ERROR;
				CLANG_WARN_EMPTY_BODY = YES;
				CLANG_WARN_ENUM_CONVERSION = YES;
				CLANG_WARN_INT_CONVERSION = YES;
				CLANG_WARN_OBJC_ROOT_CLASS = YES_ERROR;
				CLANG_WARN_UNREACHABLE_CODE = YES;
				CLANG_WARN__DUPLICATE_METHOD_MATCH = YES;
				"CODE_SIGN_IDENTITY[sdk=iphoneos*]" = "iPhone Developer";
				COPY_PHASE_STRIP = NO;
				DEBUG_INFORMATION_FORMAT = dwarf;
				ENABLE_STRICT_OBJC_MSGSEND = YES;
				ENABLE_TESTABILITY = YES;
				GCC_C_LANGUAGE_STANDARD = gnu99;
				GCC_DYNAMIC_NO_PIC = NO;
				GCC_NO_COMMON_BLOCKS = YES;
				GCC_OPTIMIZATION_LEVEL = 0;
				GCC_PREPROCESSOR_DEFINITIONS = (
					"DEBUG=1",
					"$(inherited)",
				);
				GCC_WARN_64_TO_32_BIT_CONVERSION = YES;
				GCC_WARN_ABOUT_RETURN_TYPE = YES_ERROR;
				GCC_WARN_UNDECLARED_SELECTOR = YES;
				GCC_WARN_UNINITIALIZED_AUTOS = YES_AGGRESSIVE;
				GCC_WARN_UNUSED_FUNCTION = YES;
				GCC_WARN_UNUSED_VARIABLE = YES;
				IPHONEOS_DEPLOYMENT_TARGET = 9.2;
				MTL_ENABLE_DEBUG_INFO = YES;
				ONLY_ACTIVE_ARCH = YES;
				SDKROOT = iphoneos;
				SWIFT_OPTIMIZATION_LEVEL = "-Onone";
				TARGETED_DEVICE_FAMILY = "1,2";
			};
			name = Debug;
		};
		8484DF5A1C9D3312004432D5 /* Release */ = {
			isa = XCBuildConfiguration;
			buildSettings = {
				ALWAYS_SEARCH_USER_PATHS = NO;
				CLANG_CXX_LANGUAGE_STANDARD = "gnu++0x";
				CLANG_CXX_LIBRARY = "libc++";
				CLANG_ENABLE_MODULES = YES;
				CLANG_ENABLE_OBJC_ARC = YES;
				CLANG_WARN_BOOL_CONVERSION = YES;
				CLANG_WARN_CONSTANT_CONVERSION = YES;
				CLANG_WARN_DIRECT_OBJC_ISA_USAGE = YES_ERROR;
				CLANG_WARN_EMPTY_BODY = YES;
				CLANG_WARN_ENUM_CONVERSION = YES;
				CLANG_WARN_INT_CONVERSION = YES;
				CLANG_WARN_OBJC_ROOT_CLASS = YES_ERROR;
				CLANG_WARN_UNREACHABLE_CODE = YES;
				CLANG_WARN__DUPLICATE_METHOD_MATCH = YES;
				"CODE_SIGN_IDENTITY[sdk=iphoneos*]" = "iPhone Developer";
				COPY_PHASE_STRIP = NO;
				DEBUG_INFORMATION_FORMAT = "dwarf-with-dsym";
				ENABLE_NS_ASSERTIONS = NO;
				ENABLE_STRICT_OBJC_MSGSEND = YES;
				GCC_C_LANGUAGE_STANDARD = gnu99;
				GCC_NO_COMMON_BLOCKS = YES;
				GCC_WARN_64_TO_32_BIT_CONVERSION = YES;
				GCC_WARN_ABOUT_RETURN_TYPE = YES_ERROR;
				GCC_WARN_UNDECLARED_SELECTOR = YES;
				GCC_WARN_UNINITIALIZED_AUTOS = YES_AGGRESSIVE;
				GCC_WARN_UNUSED_FUNCTION = YES;
				GCC_WARN_UNUSED_VARIABLE = YES;
				IPHONEOS_DEPLOYMENT_TARGET = 9.2;
				MTL_ENABLE_DEBUG_INFO = NO;
				SDKROOT = iphoneos;
				TARGETED_DEVICE_FAMILY = "1,2";
				VALIDATE_PRODUCT = YES;
			};
			name = Release;
		};
		8484DF5C1C9D3312004432D5 /* Debug */ = {
			isa = XCBuildConfiguration;
			buildSettings = {
				ASSETCATALOG_COMPILER_APPICON_NAME = AppIcon;
				INFOPLIST_FILE = HelloWorld/Info.plist;
				LD_RUNPATH_SEARCH_PATHS = "$(inherited) @executable_path/Frameworks";
				PRODUCT_BUNDLE_IDENTIFIER = com.apptivitylab.HelloWorld;
				PRODUCT_NAME = "$(TARGET_NAME)";
			};
			name = Debug;
		};
		8484DF5D1C9D3312004432D5 /* Release */ = {
			isa = XCBuildConfiguration;
			buildSettings = {
				ASSETCATALOG_COMPILER_APPICON_NAME = AppIcon;
				INFOPLIST_FILE = HelloWorld/Info.plist;
				LD_RUNPATH_SEARCH_PATHS = "$(inherited) @executable_path/Frameworks";
				PRODUCT_BUNDLE_IDENTIFIER = com.apptivitylab.HelloWorld;
				PRODUCT_NAME = "$(TARGET_NAME)";
			};
			name = Release;
		};
		8484DF5F1C9D3312004432D5 /* Debug */ = {
			isa = XCBuildConfiguration;
			buildSettings = {
				BUNDLE_LOADER = "$(TEST_HOST)";
				INFOPLIST_FILE = HelloWorldTests/Info.plist;
				LD_RUNPATH_SEARCH_PATHS = "$(inherited) @executable_path/Frameworks @loader_path/Frameworks";
				PRODUCT_BUNDLE_IDENTIFIER = com.apptivitylab.HelloWorldTests;
				PRODUCT_NAME = "$(TARGET_NAME)";
				TEST_HOST = "$(BUILT_PRODUCTS_DIR)/HelloWorld.app/HelloWorld";
			};
			name = Debug;
		};
		8484DF601C9D3312004432D5 /* Release */ = {
			isa = XCBuildConfiguration;
			buildSettings = {
				BUNDLE_LOADER = "$(TEST_HOST)";
				INFOPLIST_FILE = HelloWorldTests/Info.plist;
				LD_RUNPATH_SEARCH_PATHS = "$(inherited) @executable_path/Frameworks @loader_path/Frameworks";
				PRODUCT_BUNDLE_IDENTIFIER = com.apptivitylab.HelloWorldTests;
				PRODUCT_NAME = "$(TARGET_NAME)";
				TEST_HOST = "$(BUILT_PRODUCTS_DIR)/HelloWorld.app/HelloWorld";
			};
			name = Release;
		};
		8484DF621C9D3312004432D5 /* Debug */ = {
			isa = XCBuildConfiguration;
			buildSettings = {
				INFOPLIST_FILE = HelloWorldUITests/Info.plist;
				LD_RUNPATH_SEARCH_PATHS = "$(inherited) @executable_path/Frameworks @loader_path/Frameworks";
				PRODUCT_BUNDLE_IDENTIFIER = com.apptivitylab.HelloWorldUITests;
				PRODUCT_NAME = "$(TARGET_NAME)";
				TEST_TARGET_NAME = HelloWorld;
				USES_XCTRUNNER = YES;
			};
			name = Debug;
		};
		8484DF631C9D3312004432D5 /* Release */ = {
			isa = XCBuildConfiguration;
			buildSettings = {
				INFOPLIST_FILE = HelloWorldUITests/Info.plist;
				LD_RUNPATH_SEARCH_PATHS = "$(inherited) @executable_path/Frameworks @loader_path/Frameworks";
				PRODUCT_BUNDLE_IDENTIFIER = com.apptivitylab.HelloWorldUITests;
				PRODUCT_NAME = "$(TARGET_NAME)";
				TEST_TARGET_NAME = HelloWorld;
				USES_XCTRUNNER = YES;
			};
			name = Release;
		};
/* End XCBuildConfiguration section */

/* Begin XCConfigurationList section */
		8484DF2E1C9D3312004432D5 /* Build configuration list for PBXProject "HelloWorld" */ = {
			isa = XCConfigurationList;
			buildConfigurations = (
				8484DF591C9D3312004432D5 /* Debug */,
				8484DF5A1C9D3312004432D5 /* Release */,
			);
			defaultConfigurationIsVisible = 0;
			defaultConfigurationName = Release;
		};
		8484DF5B1C9D3312004432D5 /* Build configuration list for PBXNativeTarget "HelloWorld" */ = {
			isa = XCConfigurationList;
			buildConfigurations = (
				8484DF5C1C9D3312004432D5 /* Debug */,
				8484DF5D1C9D3312004432D5 /* Release */,
			);
			defaultConfigurationIsVisible = 0;
			defaultConfigurationName = Release;
		};
		8484DF5E1C9D3312004432D5 /* Build configuration list for PBXNativeTarget "HelloWorldTests" */ = {
			isa = XCConfigurationList;
			buildConfigurations = (
				8484DF5F1C9D3312004432D5 /* Debug */,
				8484DF601C9D3312004432D5 /* Release */,
			);
			defaultConfigurationIsVisible = 0;
			defaultConfigurationName = Release;
		};
		8484DF611C9D3312004432D5 /* Build configuration list for PBXNativeTarget "HelloWorldUITests" */ = {
			isa = XCConfigurationList;
			buildConfigurations = (
				8484DF621C9D3312004432D5 /* Debug */,
				8484DF631C9D3312004432D5 /* Release */,
			);
			defaultConfigurationIsVisible = 0;
			defaultConfigurationName = Release;
		};
/* End XCConfigurationList section */
	};
	rootObject = 8484DF2B1C9D3312004432D5 /* Project object */;
}
